// !$*UTF8*$!
{
	archiveVersion = 1;
	classes = {
	};
	objectVersion = 46;
	objects = {

/* Begin PBXBuildFile section */
		0D58AEC81F54137B00A77C81 /* main.m in Sources */ = {isa = PBXBuildFile; fileRef = 0D58AEC71F54137B00A77C81 /* main.m */; };
		0D58AECB1F54137B00A77C81 /* AppDelegate.m in Sources */ = {isa = PBXBuildFile; fileRef = 0D58AECA1F54137B00A77C81 /* AppDelegate.m */; };
		0D58AECE1F54137B00A77C81 /* ViewController.m in Sources */ = {isa = PBXBuildFile; fileRef = 0D58AECD1F54137B00A77C81 /* ViewController.m */; };
		0D58AED11F54137B00A77C81 /* Main.storyboard in Resources */ = {isa = PBXBuildFile; fileRef = 0D58AECF1F54137B00A77C81 /* Main.storyboard */; };
		0D58AED31F54137B00A77C81 /* Assets.xcassets in Resources */ = {isa = PBXBuildFile; fileRef = 0D58AED21F54137B00A77C81 /* Assets.xcassets */; };
		0D58AED61F54137B00A77C81 /* LaunchScreen.storyboard in Resources */ = {isa = PBXBuildFile; fileRef = 0D58AED41F54137B00A77C81 /* LaunchScreen.storyboard */; };
		0D58AEE31F541C4400A77C81 /* SignView.m in Sources */ = {isa = PBXBuildFile; fileRef = 0D58AEE21F541C4400A77C81 /* SignView.m */; };
		86105B3BC3B217621AEA87AF /* libPods-SignView.a in Frameworks */ = {isa = PBXBuildFile; fileRef = FB015B9BA8A6B38D1A3BC1FE /* libPods-SignView.a */; };
/* End PBXBuildFile section */

/* Begin PBXFileReference section */
		07C80550CE72D454ED834F21 /* Pods-SignView.debug.xcconfig */ = {isa = PBXFileReference; includeInIndex = 1; lastKnownFileType = text.xcconfig; name = "Pods-SignView.debug.xcconfig"; path = "Pods/Target Support Files/Pods-SignView/Pods-SignView.debug.xcconfig"; sourceTree = "<group>"; };
		0D58AEC31F54137B00A77C81 /* SignView.app */ = {isa = PBXFileReference; explicitFileType = wrapper.application; includeInIndex = 0; path = SignView.app; sourceTree = BUILT_PRODUCTS_DIR; };
		0D58AEC71F54137B00A77C81 /* main.m */ = {isa = PBXFileReference; lastKnownFileType = sourcecode.c.objc; path = main.m; sourceTree = "<group>"; };
		0D58AEC91F54137B00A77C81 /* AppDelegate.h */ = {isa = PBXFileReference; lastKnownFileType = sourcecode.c.h; path = AppDelegate.h; sourceTree = "<group>"; };
		0D58AECA1F54137B00A77C81 /* AppDelegate.m */ = {isa = PBXFileReference; lastKnownFileType = sourcecode.c.objc; path = AppDelegate.m; sourceTree = "<group>"; };
		0D58AECC1F54137B00A77C81 /* ViewController.h */ = {isa = PBXFileReference; lastKnownFileType = sourcecode.c.h; path = ViewController.h; sourceTree = "<group>"; };
		0D58AECD1F54137B00A77C81 /* ViewController.m */ = {isa = PBXFileReference; lastKnownFileType = sourcecode.c.objc; path = ViewController.m; sourceTree = "<group>"; };
		0D58AED01F54137B00A77C81 /* Base */ = {isa = PBXFileReference; lastKnownFileType = file.storyboard; name = Base; path = Base.lproj/Main.storyboard; sourceTree = "<group>"; };
		0D58AED21F54137B00A77C81 /* Assets.xcassets */ = {isa = PBXFileReference; lastKnownFileType = folder.assetcatalog; path = Assets.xcassets; sourceTree = "<group>"; };
		0D58AED51F54137B00A77C81 /* Base */ = {isa = PBXFileReference; lastKnownFileType = file.storyboard; name = Base; path = Base.lproj/LaunchScreen.storyboard; sourceTree = "<group>"; };
		0D58AED71F54137B00A77C81 /* Info.plist */ = {isa = PBXFileReference; lastKnownFileType = text.plist.xml; path = Info.plist; sourceTree = "<group>"; };
		0D58AEE11F541C4400A77C81 /* SignView.h */ = {isa = PBXFileReference; fileEncoding = 4; lastKnownFileType = sourcecode.c.h; path = SignView.h; sourceTree = "<group>"; };
		0D58AEE21F541C4400A77C81 /* SignView.m */ = {isa = PBXFileReference; fileEncoding = 4; lastKnownFileType = sourcecode.c.objc; path = SignView.m; sourceTree = "<group>"; };
		B3178B813962EF8344E0371A /* Pods-SignView.release.xcconfig */ = {isa = PBXFileReference; includeInIndex = 1; lastKnownFileType = text.xcconfig; name = "Pods-SignView.release.xcconfig"; path = "Pods/Target Support Files/Pods-SignView/Pods-SignView.release.xcconfig"; sourceTree = "<group>"; };
		FB015B9BA8A6B38D1A3BC1FE /* libPods-SignView.a */ = {isa = PBXFileReference; explicitFileType = archive.ar; includeInIndex = 0; path = "libPods-SignView.a"; sourceTree = BUILT_PRODUCTS_DIR; };
/* End PBXFileReference section */

/* Begin PBXFrameworksBuildPhase section */
		0D58AEC01F54137B00A77C81 /* Frameworks */ = {
			isa = PBXFrameworksBuildPhase;
			buildActionMask = 2147483647;
			files = (
				86105B3BC3B217621AEA87AF /* libPods-SignView.a in Frameworks */,
			);
			runOnlyForDeploymentPostprocessing = 0;
		};
/* End PBXFrameworksBuildPhase section */

/* Begin PBXGroup section */
		0D58AEBA1F54137B00A77C81 = {
			isa = PBXGroup;
			children = (
				0D58AEE01F541C4400A77C81 /* Sign */,
				0D58AEC51F54137B00A77C81 /* SignView */,
				0D58AEC41F54137B00A77C81 /* Products */,
				3986F40C71264195FF92A748 /* Pods */,
				42E3839791CA5D9A972B8EBC /* Frameworks */,
			);
			sourceTree = "<group>";
		};
		0D58AEC41F54137B00A77C81 /* Products */ = {
			isa = PBXGroup;
			children = (
				0D58AEC31F54137B00A77C81 /* SignView.app */,
			);
			name = Products;
			sourceTree = "<group>";
		};
		0D58AEC51F54137B00A77C81 /* SignView */ = {
			isa = PBXGroup;
			children = (
				0D58AEC91F54137B00A77C81 /* AppDelegate.h */,
				0D58AECA1F54137B00A77C81 /* AppDelegate.m */,
				0D58AECC1F54137B00A77C81 /* ViewController.h */,
				0D58AECD1F54137B00A77C81 /* ViewController.m */,
				0D58AECF1F54137B00A77C81 /* Main.storyboard */,
				0D58AED21F54137B00A77C81 /* Assets.xcassets */,
				0D58AED41F54137B00A77C81 /* LaunchScreen.storyboard */,
				0D58AED71F54137B00A77C81 /* Info.plist */,
				0D58AEC61F54137B00A77C81 /* Supporting Files */,
			);
			path = SignView;
			sourceTree = "<group>";
		};
		0D58AEC61F54137B00A77C81 /* Supporting Files */ = {
			isa = PBXGroup;
			children = (
				0D58AEC71F54137B00A77C81 /* main.m */,
			);
			name = "Supporting Files";
			sourceTree = "<group>";
		};
		0D58AEE01F541C4400A77C81 /* Sign */ = {
			isa = PBXGroup;
			children = (
				0D58AEE11F541C4400A77C81 /* SignView.h */,
				0D58AEE21F541C4400A77C81 /* SignView.m */,
			);
			path = Sign;
			sourceTree = "<group>";
		};
		3986F40C71264195FF92A748 /* Pods */ = {
			isa = PBXGroup;
			children = (
				07C80550CE72D454ED834F21 /* Pods-SignView.debug.xcconfig */,
				B3178B813962EF8344E0371A /* Pods-SignView.release.xcconfig */,
			);
			name = Pods;
			sourceTree = "<group>";
		};
		42E3839791CA5D9A972B8EBC /* Frameworks */ = {
			isa = PBXGroup;
			children = (
				FB015B9BA8A6B38D1A3BC1FE /* libPods-SignView.a */,
			);
			name = Frameworks;
			sourceTree = "<group>";
		};
/* End PBXGroup section */

/* Begin PBXNativeTarget section */
		0D58AEC21F54137B00A77C81 /* SignView */ = {
			isa = PBXNativeTarget;
			buildConfigurationList = 0D58AEDA1F54137B00A77C81 /* Build configuration list for PBXNativeTarget "SignView" */;
			buildPhases = (
				55F6766407C8B4643B6BF71B /* [CP] Check Pods Manifest.lock */,
				0D58AEBF1F54137B00A77C81 /* Sources */,
				0D58AEC01F54137B00A77C81 /* Frameworks */,
				0D58AEC11F54137B00A77C81 /* Resources */,
				20738F4CD9CEA68C7EE986A0 /* [CP] Embed Pods Frameworks */,
				FF689BAE6D06469FA6E750C3 /* [CP] Copy Pods Resources */,
			);
			buildRules = (
			);
			dependencies = (
			);
			name = SignView;
			productName = SignView;
			productReference = 0D58AEC31F54137B00A77C81 /* SignView.app */;
			productType = "com.apple.product-type.application";
		};
/* End PBXNativeTarget section */

/* Begin PBXProject section */
		0D58AEBB1F54137B00A77C81 /* Project object */ = {
			isa = PBXProject;
			attributes = {
				LastUpgradeCheck = 0830;
				ORGANIZATIONNAME = sheep;
				TargetAttributes = {
					0D58AEC21F54137B00A77C81 = {
						CreatedOnToolsVersion = 8.3.3;
						ProvisioningStyle = Automatic;
					};
				};
			};
			buildConfigurationList = 0D58AEBE1F54137B00A77C81 /* Build configuration list for PBXProject "SignView" */;
			compatibilityVersion = "Xcode 3.2";
			developmentRegion = English;
			hasScannedForEncodings = 0;
			knownRegions = (
				en,
				Base,
			);
			mainGroup = 0D58AEBA1F54137B00A77C81;
			productRefGroup = 0D58AEC41F54137B00A77C81 /* Products */;
			projectDirPath = "";
			projectRoot = "";
			targets = (
				0D58AEC21F54137B00A77C81 /* SignView */,
			);
		};
/* End PBXProject section */

/* Begin PBXResourcesBuildPhase section */
		0D58AEC11F54137B00A77C81 /* Resources */ = {
			isa = PBXResourcesBuildPhase;
			buildActionMask = 2147483647;
			files = (
				0D58AED61F54137B00A77C81 /* LaunchScreen.storyboard in Resources */,
				0D58AED31F54137B00A77C81 /* Assets.xcassets in Resources */,
				0D58AED11F54137B00A77C81 /* Main.storyboard in Resources */,
			);
			runOnlyForDeploymentPostprocessing = 0;
		};
/* End PBXResourcesBuildPhase section */

/* Begin PBXShellScriptBuildPhase section */
		20738F4CD9CEA68C7EE986A0 /* [CP] Embed Pods Frameworks */ = {
			isa = PBXShellScriptBuildPhase;
			buildActionMask = 2147483647;
			files = (
			);
			inputPaths = (
			);
			name = "[CP] Embed Pods Frameworks";
			outputPaths = (
			);
			runOnlyForDeploymentPostprocessing = 0;
			shellPath = /bin/sh;
			shellScript = "\"${SRCROOT}/Pods/Target Support Files/Pods-SignView/Pods-SignView-frameworks.sh\"\n";
			showEnvVarsInLog = 0;
		};
		55F6766407C8B4643B6BF71B /* [CP] Check Pods Manifest.lock */ = {
			isa = PBXShellScriptBuildPhase;
			buildActionMask = 2147483647;
			files = (
			);
			inputPaths = (
				"${PODS_PODFILE_DIR_PATH}/Podfile.lock",
				"${PODS_ROOT}/Manifest.lock",
			);
			name = "[CP] Check Pods Manifest.lock";
			outputPaths = (
				"$(DERIVED_FILE_DIR)/Pods-SignView-checkManifestLockResult.txt",
			);
			runOnlyForDeploymentPostprocessing = 0;
			shellPath = /bin/sh;
			shellScript = "diff \"${PODS_PODFILE_DIR_PATH}/Podfile.lock\" \"${PODS_ROOT}/Manifest.lock\" > /dev/null\nif [ $? != 0 ] ; then\n    # print error to STDERR\n    echo \"error: The sandbox is not in sync with the Podfile.lock. Run 'pod install' or update your CocoaPods installation.\" >&2\n    exit 1\nfi\n# This output is used by Xcode 'outputs' to avoid re-running this script phase.\necho \"SUCCESS\" > \"${SCRIPT_OUTPUT_FILE_0}\"\n";
			showEnvVarsInLog = 0;
		};
		FF689BAE6D06469FA6E750C3 /* [CP] Copy Pods Resources */ = {
			isa = PBXShellScriptBuildPhase;
			buildActionMask = 2147483647;
			files = (
			);
			inputPaths = (
			);
			name = "[CP] Copy Pods Resources";
			outputPaths = (
			);
			runOnlyForDeploymentPostprocessing = 0;
			shellPath = /bin/sh;
			shellScript = "\"${SRCROOT}/Pods/Target Support Files/Pods-SignView/Pods-SignView-resources.sh\"\n";
			showEnvVarsInLog = 0;
		};
/* End PBXShellScriptBuildPhase section */

/* Begin PBXSourcesBuildPhase section */
		0D58AEBF1F54137B00A77C81 /* Sources */ = {
			isa = PBXSourcesBuildPhase;
			buildActionMask = 2147483647;
			files = (
				0D58AECE1F54137B00A77C81 /* ViewController.m in Sources */,
				0D58AEE31F541C4400A77C81 /* SignView.m in Sources */,
				0D58AECB1F54137B00A77C81 /* AppDelegate.m in Sources */,
				0D58AEC81F54137B00A77C81 /* main.m in Sources */,
			);
			runOnlyForDeploymentPostprocessing = 0;
		};
/* End PBXSourcesBuildPhase section */

/* Begin PBXVariantGroup section */
		0D58AECF1F54137B00A77C81 /* Main.storyboard */ = {
			isa = PBXVariantGroup;
			children = (
				0D58AED01F54137B00A77C81 /* Base */,
			);
			name = Main.storyboard;
			sourceTree = "<group>";
		};
		0D58AED41F54137B00A77C81 /* LaunchScreen.storyboard */ = {
			isa = PBXVariantGroup;
			children = (
				0D58AED51F54137B00A77C81 /* Base */,
			);
			name = LaunchScreen.storyboard;
			sourceTree = "<group>";
		};
/* End PBXVariantGroup section */

/* Begin XCBuildConfiguration section */
		0D58AED81F54137B00A77C81 /* Debug */ = {
			isa = XCBuildConfiguration;
			buildSettings = {
				ALWAYS_SEARCH_USER_PATHS = NO;
				CLANG_ANALYZER_NONNULL = YES;
				CLANG_ANALYZER_NUMBER_OBJECT_CONVERSION = YES_AGGRESSIVE;
				CLANG_CXX_LANGUAGE_STANDARD = "gnu++0x";
				CLANG_CXX_LIBRARY = "libc++";
				CLANG_ENABLE_MODULES = YES;
				CLANG_ENABLE_OBJC_ARC = YES;
				CLANG_WARN_BOOL_CONVERSION = YES;
				CLANG_WARN_CONSTANT_CONVERSION = YES;
				CLANG_WARN_DIRECT_OBJC_ISA_USAGE = YES_ERROR;
				CLANG_WARN_DOCUMENTATION_COMMENTS = YES;
				CLANG_WARN_EMPTY_BODY = YES;
				CLANG_WARN_ENUM_CONVERSION = YES;
				CLANG_WARN_INFINITE_RECURSION = YES;
				CLANG_WARN_INT_CONVERSION = YES;
				CLANG_WARN_OBJC_ROOT_CLASS = YES_ERROR;
				CLANG_WARN_SUSPICIOUS_MOVE = YES;
				CLANG_WARN_UNREACHABLE_CODE = YES;
				CLANG_WARN__DUPLICATE_METHOD_MATCH = YES;
				"CODE_SIGN_IDENTITY[sdk=iphoneos*]" = "iPhone Developer";
				COPY_PHASE_STRIP = NO;
				DEBUG_INFORMATION_FORMAT = dwarf;
				ENABLE_STRICT_OBJC_MSGSEND = YES;
				ENABLE_TESTABILITY = YES;
				GCC_C_LANGUAGE_STANDARD = gnu99;
				GCC_DYNAMIC_NO_PIC = NO;
				GCC_NO_COMMON_BLOCKS = YES;
				GCC_OPTIMIZATION_LEVEL = 0;
				GCC_PREPROCESSOR_DEFINITIONS = (
					"DEBUG=1",
					"$(inherited)",
				);
				GCC_WARN_64_TO_32_BIT_CONVERSION = YES;
				GCC_WARN_ABOUT_RETURN_TYPE = YES_ERROR;
				GCC_WARN_UNDECLARED_SELECTOR = YES;
				GCC_WARN_UNINITIALIZED_AUTOS = YES_AGGRESSIVE;
				GCC_WARN_UNUSED_FUNCTION = YES;
				GCC_WARN_UNUSED_VARIABLE = YES;
				IPHONEOS_DEPLOYMENT_TARGET = 10.3;
				MTL_ENABLE_DEBUG_INFO = YES;
				ONLY_ACTIVE_ARCH = YES;
				SDKROOT = iphoneos;
			};
			name = Debug;
		};
		0D58AED91F54137B00A77C81 /* Release */ = {
			isa = XCBuildConfiguration;
			buildSettings = {
				ALWAYS_SEARCH_USER_PATHS = NO;
				CLANG_ANALYZER_NONNULL = YES;
				CLANG_ANALYZER_NUMBER_OBJECT_CONVERSION = YES_AGGRESSIVE;
				CLANG_CXX_LANGUAGE_STANDARD = "gnu++0x";
				CLANG_CXX_LIBRARY = "libc++";
				CLANG_ENABLE_MODULES = YES;
				CLANG_ENABLE_OBJC_ARC = YES;
				CLANG_WARN_BOOL_CONVERSION = YES;
				CLANG_WARN_CONSTANT_CONVERSION = YES;
				CLANG_WARN_DIRECT_OBJC_ISA_USAGE = YES_ERROR;
				CLANG_WARN_DOCUMENTATION_COMMENTS = YES;
				CLANG_WARN_EMPTY_BODY = YES;
				CLANG_WARN_ENUM_CONVERSION = YES;
				CLANG_WARN_INFINITE_RECURSION = YES;
				CLANG_WARN_INT_CONVERSION = YES;
				CLANG_WARN_OBJC_ROOT_CLASS = YES_ERROR;
				CLANG_WARN_SUSPICIOUS_MOVE = YES;
				CLANG_WARN_UNREACHABLE_CODE = YES;
				CLANG_WARN__DUPLICATE_METHOD_MATCH = YES;
				"CODE_SIGN_IDENTITY[sdk=iphoneos*]" = "iPhone Developer";
				COPY_PHASE_STRIP = NO;
				DEBUG_INFORMATION_FORMAT = "dwarf-with-dsym";
				ENABLE_NS_ASSERTIONS = NO;
				ENABLE_STRICT_OBJC_MSGSEND = YES;
				GCC_C_LANGUAGE_STANDARD = gnu99;
				GCC_NO_COMMON_BLOCKS = YES;
				GCC_WARN_64_TO_32_BIT_CONVERSION = YES;
				GCC_WARN_ABOUT_RETURN_TYPE = YES_ERROR;
				GCC_WARN_UNDECLARED_SELECTOR = YES;
				GCC_WARN_UNINITIALIZED_AUTOS = YES_AGGRESSIVE;
				GCC_WARN_UNUSED_FUNCTION = YES;
				GCC_WARN_UNUSED_VARIABLE = YES;
				IPHONEOS_DEPLOYMENT_TARGET = 10.3;
				MTL_ENABLE_DEBUG_INFO = NO;
				SDKROOT = iphoneos;
				VALIDATE_PRODUCT = YES;
			};
			name = Release;
		};
		0D58AEDB1F54137B00A77C81 /* Debug */ = {
			isa = XCBuildConfiguration;
			baseConfigurationReference = 07C80550CE72D454ED834F21 /* Pods-SignView.debug.xcconfig */;
			buildSettings = {
				ASSETCATALOG_COMPILER_APPICON_NAME = AppIcon;
				INFOPLIST_FILE = SignView/Info.plist;
				LD_RUNPATH_SEARCH_PATHS = "$(inherited) @executable_path/Frameworks";
				PRODUCT_BUNDLE_IDENTIFIER = sheep.SignView;
				PRODUCT_NAME = "$(TARGET_NAME)";
			};
			name = Debug;
		};
		0D58AEDC1F54137B00A77C81 /* Release */ = {
			isa = XCBuildConfiguration;
			baseConfigurationReference = B3178B813962EF8344E0371A /* Pods-SignView.release.xcconfig */;
			buildSettings = {
				ASSETCATALOG_COMPILER_APPICON_NAME = AppIcon;
				INFOPLIST_FILE = SignView/Info.plist;
				LD_RUNPATH_SEARCH_PATHS = "$(inherited) @executable_path/Frameworks";
				PRODUCT_BUNDLE_IDENTIFIER = sheep.SignView;
				PRODUCT_NAME = "$(TARGET_NAME)";
			};
			name = Release;
		};
/* End XCBuildConfiguration section */

/* Begin XCConfigurationList section */
		0D58AEBE1F54137B00A77C81 /* Build configuration list for PBXProject "SignView" */ = {
			isa = XCConfigurationList;
			buildConfigurations = (
				0D58AED81F54137B00A77C81 /* Debug */,
				0D58AED91F54137B00A77C81 /* Release */,
			);
			defaultConfigurationIsVisible = 0;
			defaultConfigurationName = Release;
		};
		0D58AEDA1F54137B00A77C81 /* Build configuration list for PBXNativeTarget "SignView" */ = {
			isa = XCConfigurationList;
			buildConfigurations = (
				0D58AEDB1F54137B00A77C81 /* Debug */,
				0D58AEDC1F54137B00A77C81 /* Release */,
			);
			defaultConfigurationIsVisible = 0;
			defaultConfigurationName = Release;
		};
/* End XCConfigurationList section */
	};
	rootObject = 0D58AEBB1F54137B00A77C81 /* Project object */;
}
